// !$*UTF8*$!
{
	archiveVersion = 1;
	classes = {
	};
	objectVersion = 46;
	objects = {

/* Begin PBXBuildFile section */
		827D7820148A8AE900A2F4F5 /* Foundation.framework in Frameworks */ = {isa = PBXBuildFile; fileRef = 827D781F148A8AE900A2F4F5 /* Foundation.framework */; };
		827D7823148A8AE900A2F4F5 /* main.m in Sources */ = {isa = PBXBuildFile; fileRef = 827D7822148A8AE900A2F4F5 /* main.m */; };
		827D7827148A8AE900A2F4F5 /* KVC.1 in CopyFiles */ = {isa = PBXBuildFile; fileRef = 827D7826148A8AE900A2F4F5 /* KVC.1 */; };
/* End PBXBuildFile section */

/* Begin PBXCopyFilesBuildPhase section */
		827D7819148A8AE900A2F4F5 /* CopyFiles */ = {
			isa = PBXCopyFilesBuildPhase;
			buildActionMask = 2147483647;
			dstPath = /usr/share/man/man1/;
			dstSubfolderSpec = 0;
			files = (
				827D7827148A8AE900A2F4F5 /* KVC.1 in CopyFiles */,
			);
			runOnlyForDeploymentPostprocessing = 1;
		};
/* End PBXCopyFilesBuildPhase section */

/* Begin PBXFileReference section */
		827D781B148A8AE900A2F4F5 /* KVC */ = {isa = PBXFileReference; explicitFileType = "compiled.mach-o.executable"; includeInIndex = 0; path = KVC; sourceTree = BUILT_PRODUCTS_DIR; };
		827D781F148A8AE900A2F4F5 /* Foundation.framework */ = {isa = PBXFileReference; lastKnownFileType = wrapper.framework; name = Foundation.framework; path = System/Library/Frameworks/Foundation.framework; sourceTree = SDKROOT; };
		827D7822148A8AE900A2F4F5 /* main.m */ = {isa = PBXFileReference; lastKnownFileType = sourcecode.c.objc; path = main.m; sourceTree = "<group>"; };
		827D7825148A8AE900A2F4F5 /* KVC-Prefix.pch */ = {isa = PBXFileReference; path = "KVC-Prefix.pch"; sourceTree = "<group>"; };
		827D7826148A8AE900A2F4F5 /* KVC.1 */ = {isa = PBXFileReference; lastKnownFileType = text.man; path = KVC.1; sourceTree = "<group>"; };
/* End PBXFileReference section */

/* Begin PBXFrameworksBuildPhase section */
		827D7818148A8AE900A2F4F5 /* Frameworks */ = {
			isa = PBXFrameworksBuildPhase;
			buildActionMask = 2147483647;
			files = (
				827D7820148A8AE900A2F4F5 /* Foundation.framework in Frameworks */,
			);
			runOnlyForDeploymentPostprocessing = 0;
		};
/* End PBXFrameworksBuildPhase section */

/* Begin PBXGroup section */
		827D7810148A8AE900A2F4F5 = {
			isa = PBXGroup;
			children = (
				827D7821148A8AE900A2F4F5 /* KVC */,
				827D781E148A8AE900A2F4F5 /* Frameworks */,
				827D781C148A8AE900A2F4F5 /* Products */,
			);
			sourceTree = "<group>";
		};
		827D781C148A8AE900A2F4F5 /* Products */ = {
			isa = PBXGroup;
			children = (
				827D781B148A8AE900A2F4F5 /* KVC */,
			);
			name = Products;
			sourceTree = "<group>";
		};
		827D781E148A8AE900A2F4F5 /* Frameworks */ = {
			isa = PBXGroup;
			children = (
				827D781F148A8AE900A2F4F5 /* Foundation.framework */,
			);
			name = Frameworks;
			sourceTree = "<group>";
		};
		827D7821148A8AE900A2F4F5 /* KVC */ = {
			isa = PBXGroup;
			children = (
				827D7822148A8AE900A2F4F5 /* main.m */,
				827D7826148A8AE900A2F4F5 /* KVC.1 */,
				827D7824148A8AE900A2F4F5 /* Supporting Files */,
			);
			path = KVC;
			sourceTree = "<group>";
		};
		827D7824148A8AE900A2F4F5 /* Supporting Files */ = {
			isa = PBXGroup;
			children = (
				827D7825148A8AE900A2F4F5 /* KVC-Prefix.pch */,
			);
			name = "Supporting Files";
			sourceTree = "<group>";
		};
/* End PBXGroup section */

/* Begin PBXNativeTarget section */
		827D781A148A8AE900A2F4F5 /* KVC */ = {
			isa = PBXNativeTarget;
			buildConfigurationList = 827D782A148A8AE900A2F4F5 /* Build configuration list for PBXNativeTarget "KVC" */;
			buildPhases = (
				827D7817148A8AE900A2F4F5 /* Sources */,
				827D7818148A8AE900A2F4F5 /* Frameworks */,
				827D7819148A8AE900A2F4F5 /* CopyFiles */,
			);
			buildRules = (
			);
			dependencies = (
			);
			name = KVC;
			productName = KVC;
			productReference = 827D781B148A8AE900A2F4F5 /* KVC */;
			productType = "com.apple.product-type.tool";
		};
/* End PBXNativeTarget section */

/* Begin PBXProject section */
		827D7812148A8AE900A2F4F5 /* Project object */ = {
			isa = PBXProject;
			attributes = {
				LastUpgradeCheck = 0420;
			};
			buildConfigurationList = 827D7815148A8AE900A2F4F5 /* Build configuration list for PBXProject "KVC" */;
			compatibilityVersion = "Xcode 3.2";
			developmentRegion = English;
			hasScannedForEncodings = 0;
			knownRegions = (
				en,
			);
			mainGroup = 827D7810148A8AE900A2F4F5;
			productRefGroup = 827D781C148A8AE900A2F4F5 /* Products */;
			projectDirPath = "";
			projectRoot = "";
			targets = (
				827D781A148A8AE900A2F4F5 /* KVC */,
			);
		};
/* End PBXProject section */

/* Begin PBXSourcesBuildPhase section */
		827D7817148A8AE900A2F4F5 /* Sources */ = {
			isa = PBXSourcesBuildPhase;
			buildActionMask = 2147483647;
			files = (
				827D7823148A8AE900A2F4F5 /* main.m in Sources */,
			);
			runOnlyForDeploymentPostprocessing = 0;
		};
/* End PBXSourcesBuildPhase section */

/* Begin XCBuildConfiguration section */
		827D7828148A8AE900A2F4F5 /* Debug */ = {
			isa = XCBuildConfiguration;
			buildSettings = {
				ALWAYS_SEARCH_USER_PATHS = NO;
				ARCHS = "$(ARCHS_STANDARD_64_BIT)";
				CLANG_ENABLE_OBJC_ARC = YES;
				COPY_PHASE_STRIP = NO;
				GCC_C_LANGUAGE_STANDARD = gnu99;
				GCC_DYNAMIC_NO_PIC = NO;
				GCC_ENABLE_OBJC_EXCEPTIONS = YES;
				GCC_OPTIMIZATION_LEVEL = 0;
				GCC_PREPROCESSOR_DEFINITIONS = (
					"DEBUG=1",
					"$(inherited)",
				);
				GCC_SYMBOLS_PRIVATE_EXTERN = NO;
				GCC_VERSION = com.apple.compilers.llvm.clang.1_0;
				GCC_WARN_64_TO_32_BIT_CONVERSION = YES;
				GCC_WARN_ABOUT_MISSING_PROTOTYPES = YES;
				GCC_WARN_ABOUT_RETURN_TYPE = YES;
				GCC_WARN_UNUSED_VARIABLE = YES;
				MACOSX_DEPLOYMENT_TARGET = 10.7;
				ONLY_ACTIVE_ARCH = YES;
				SDKROOT = macosx;
			};
			name = Debug;
		};
		827D7829148A8AE900A2F4F5 /* Release */ = {
			isa = XCBuildConfiguration;
			buildSettings = {
				ALWAYS_SEARCH_USER_PATHS = NO;
				ARCHS = "$(ARCHS_STANDARD_64_BIT)";
				CLANG_ENABLE_OBJC_ARC = YES;
				COPY_PHASE_STRIP = YES;
				DEBUG_INFORMATION_FORMAT = "dwarf-with-dsym";
				GCC_C_LANGUAGE_STANDARD = gnu99;
				GCC_ENABLE_OBJC_EXCEPTIONS = YES;
				GCC_VERSION = com.apple.compilers.llvm.clang.1_0;
				GCC_WARN_64_TO_32_BIT_CONVERSION = YES;
				GCC_WARN_ABOUT_MISSING_PROTOTYPES = YES;
				GCC_WARN_ABOUT_RETURN_TYPE = YES;
				GCC_WARN_UNUSED_VARIABLE = YES;
				MACOSX_DEPLOYMENT_TARGET = 10.7;
				SDKROOT = macosx;
			};
			name = Release;
		};
		827D782B148A8AE900A2F4F5 /* Debug */ = {
			isa = XCBuildConfiguration;
			buildSettings = {
				GCC_PRECOMPILE_PREFIX_HEADER = YES;
				GCC_PREFIX_HEADER = "KVC/KVC-Prefix.pch";
				PRODUCT_NAME = "$(TARGET_NAME)";
			};
			name = Debug;
		};
		827D782C148A8AE900A2F4F5 /* Release */ = {
			isa = XCBuildConfiguration;
			buildSettings = {
				GCC_PRECOMPILE_PREFIX_HEADER = YES;
				GCC_PREFIX_HEADER = "KVC/KVC-Prefix.pch";
				PRODUCT_NAME = "$(TARGET_NAME)";
			};
			name = Release;
		};
/* End XCBuildConfiguration section */

/* Begin XCConfigurationList section */
		827D7815148A8AE900A2F4F5 /* Build configuration list for PBXProject "KVC" */ = {
			isa = XCConfigurationList;
			buildConfigurations = (
				827D7828148A8AE900A2F4F5 /* Debug */,
				827D7829148A8AE900A2F4F5 /* Release */,
			);
			defaultConfigurationIsVisible = 0;
			defaultConfigurationName = Release;
		};
		827D782A148A8AE900A2F4F5 /* Build configuration list for PBXNativeTarget "KVC" */ = {
			isa = XCConfigurationList;
			buildConfigurations = (
				827D782B148A8AE900A2F4F5 /* Debug */,
				827D782C148A8AE900A2F4F5 /* Release */,
			);
			defaultConfigurationIsVisible = 0;
		};
/* End XCConfigurationList section */
	};
	rootObject = 827D7812148A8AE900A2F4F5 /* Project object */;
}
